{
  "name": "example",
  "version": "1.0.0",
  "lockfileVersion": 1,
  "requires": true,
  "dependencies": {
    "@ifra-iot/fast-fourier-transform": {
      "version": "1.0.2",
      "resolved": "https://registry.npmjs.org/@ifra-iot/fast-fourier-transform/-/fast-fourier-transform-1.0.2.tgz",
      "integrity": "sha512-gF2VXFUJJp5NADVIjaGAA64JLCbLo+vvsXu1EnhtSPjN4B4uNtKMtxXsI6HBiUZaFvKs7R0yhFBhhiJnzC0RYA=="
    }
  }
}
