{
  "name": "example",
  "version": "1.0.0",
  "lockfileVersion": 1,
  "requires": true,
  "dependencies": {
    "@ifra-iot/fast-fourier-transform": {
      "version": "1.0.1",
      "resolved": "https://registry.npmjs.org/@ifra-iot/fast-fourier-transform/-/fast-fourier-transform-1.0.1.tgz",
      "integrity": "sha512-nBCINwBfSuHt0D+mFhNDTWFMPflm0NF63XaPrUxgRkSnZ7/BA1IPKHgsKnWsMJQ7Da+C6BB5wgfCP7RmEeZWWg=="
    }
  }
}
